
Microsoft Visual Studio Solution File, Format Version 12.00
# Visual Studio Version 16
VisualStudioVersion = 16.0.30413.136
MinimumVisualStudioVersion = 10.0.40219.1
Project("{9A19103F-16F7-4668-BE54-9A1E7A4F7556}") = "ConsoleAppUppgift_3", "ConsoneAppUppgift_3\ConsoleAppUppgift_3.csproj", "{9FF42B2A-C3E6-4BE0-9D76-4695CF72221B}"
EndProject
Project("{9A19103F-16F7-4668-BE54-9A1E7A4F7556}") = "SharedLibaries", "SharedLibaries\SharedLibaries.csproj", "{D359CF6A-3F78-468D-8C92-94A61EB6C27D}"
EndProject
Project("{FAE04EC0-301F-11D3-BF4B-00C04F79EFBC}") = "AzureFunctions", "AzureFunctions\AzureFunctions.csproj", "{8486EC3A-0995-4980-869E-AFA962875430}"
EndProject
Global
	GlobalSection(SolutionConfigurationPlatforms) = preSolution
		Debug|Any CPU = Debug|Any CPU
		Release|Any CPU = Release|Any CPU
	EndGlobalSection
	GlobalSection(ProjectConfigurationPlatforms) = postSolution
		{9FF42B2A-C3E6-4BE0-9D76-4695CF72221B}.Debug|Any CPU.ActiveCfg = Debug|Any CPU
		{9FF42B2A-C3E6-4BE0-9D76-4695CF72221B}.Debug|Any CPU.Build.0 = Debug|Any CPU
		{9FF42B2A-C3E6-4BE0-9D76-4695CF72221B}.Release|Any CPU.ActiveCfg = Release|Any CPU
		{9FF42B2A-C3E6-4BE0-9D76-4695CF72221B}.Release|Any CPU.Build.0 = Release|Any CPU
		{D359CF6A-3F78-468D-8C92-94A61EB6C27D}.Debug|Any CPU.ActiveCfg = Debug|Any CPU
		{D359CF6A-3F78-468D-8C92-94A61EB6C27D}.Debug|Any CPU.Build.0 = Debug|Any CPU
		{D359CF6A-3F78-468D-8C92-94A61EB6C27D}.Release|Any CPU.ActiveCfg = Release|Any CPU
		{D359CF6A-3F78-468D-8C92-94A61EB6C27D}.Release|Any CPU.Build.0 = Release|Any CPU
		{8486EC3A-0995-4980-869E-AFA962875430}.Debug|Any CPU.ActiveCfg = Debug|Any CPU
		{8486EC3A-0995-4980-869E-AFA962875430}.Debug|Any CPU.Build.0 = Debug|Any CPU
		{8486EC3A-0995-4980-869E-AFA962875430}.Release|Any CPU.ActiveCfg = Release|Any CPU
		{8486EC3A-0995-4980-869E-AFA962875430}.Release|Any CPU.Build.0 = Release|Any CPU
	EndGlobalSection
	GlobalSection(SolutionProperties) = preSolution
		HideSolutionNode = FALSE
	EndGlobalSection
	GlobalSection(ExtensibilityGlobals) = postSolution
		SolutionGuid = {D1C1B756-6E6B-4398-9F1A-37CF6C5A0962}
	EndGlobalSection
EndGlobal
